Microsoft Visual Studio Solution File, Format Version 11.00
# Visual Studio 2008

Project("{77F96BC0-7168-DFB1-36E9-0C8573A05D92}") = "integrated prototype", "Assembly-CSharp.csproj", "{583B0AD0-9C29-9603-730A-201301FBE8FB}"
EndProject
Project("{77F96BC0-7168-DFB1-36E9-0C8573A05D92}") = "integrated prototype", "Assembly-UnityScript.unityproj", "{FF20DC46-BF37-18AC-3E1D-7F3AAFF6E8FD}"
EndProject
Global
	GlobalSection(SolutionConfigurationPlatforms) = preSolution
		Debug|Any CPU = Debug|Any CPU
		Release|Any CPU = Release|Any CPU
	EndGlobalSection
	GlobalSection(ProjectConfigurationPlatforms) = postSolution
		{583B0AD0-9C29-9603-730A-201301FBE8FB}.Debug|Any CPU.ActiveCfg = Debug|Any CPU
		{583B0AD0-9C29-9603-730A-201301FBE8FB}.Debug|Any CPU.Build.0 = Debug|Any CPU
		{583B0AD0-9C29-9603-730A-201301FBE8FB}.Release|Any CPU.ActiveCfg = Release|Any CPU
		{583B0AD0-9C29-9603-730A-201301FBE8FB}.Release|Any CPU.Build.0 = Release|Any CPU
		{FF20DC46-BF37-18AC-3E1D-7F3AAFF6E8FD}.Debug|Any CPU.ActiveCfg = Debug|Any CPU
		{FF20DC46-BF37-18AC-3E1D-7F3AAFF6E8FD}.Debug|Any CPU.Build.0 = Debug|Any CPU
		{FF20DC46-BF37-18AC-3E1D-7F3AAFF6E8FD}.Release|Any CPU.ActiveCfg = Release|Any CPU
		{FF20DC46-BF37-18AC-3E1D-7F3AAFF6E8FD}.Release|Any CPU.Build.0 = Release|Any CPU
	EndGlobalSection
	GlobalSection(SolutionProperties) = preSolution
		HideSolutionNode = FALSE
	EndGlobalSection
																																									GlobalSection(MonoDevelopProperties) = preSolution
		StartupItem = Assembly-CSharp.csproj
		Policies = $0
		$0.TextStylePolicy = $1
		$1.inheritsSet = null
		$1.scope = text/x-csharp
		$0.CSharpFormattingPolicy = $2
		$2.inheritsSet = Mono
		$2.inheritsScope = text/x-csharp
		$2.scope = text/x-csharp
		$0.TextStylePolicy = $3
		$3.FileWidth = 120
		$3.TabWidth = 4
		$3.EolMarker = Unix
		$3.inheritsSet = Mono
		$3.inheritsScope = text/plain
		$3.scope = text/plain
	EndGlobalSection

EndGlobal
